
Microsoft Visual Studio Solution File, Format Version 12.00
# Visual Studio Version 16
VisualStudioVersion = 16.0.29306.81
MinimumVisualStudioVersion = 10.0.40219.1
Project("{FAE04EC0-301F-11D3-BF4B-00C04F79EFBC}") = "Lab 8", "Lab 8\Lab 8.csproj", "{8449D303-3549-4D0F-AE0C-30AADCB7A0DA}"
EndProject
Global
	GlobalSection(SolutionConfigurationPlatforms) = preSolution
		Debug|Any CPU = Debug|Any CPU
		Release|Any CPU = Release|Any CPU
	EndGlobalSection
	GlobalSection(ProjectConfigurationPlatforms) = postSolution
		{8449D303-3549-4D0F-AE0C-30AADCB7A0DA}.Debug|Any CPU.ActiveCfg = Debug|Any CPU
		{8449D303-3549-4D0F-AE0C-30AADCB7A0DA}.Debug|Any CPU.Build.0 = Debug|Any CPU
		{8449D303-3549-4D0F-AE0C-30AADCB7A0DA}.Release|Any CPU.ActiveCfg = Release|Any CPU
		{8449D303-3549-4D0F-AE0C-30AADCB7A0DA}.Release|Any CPU.Build.0 = Release|Any CPU
	EndGlobalSection
	GlobalSection(SolutionProperties) = preSolution
		HideSolutionNode = FALSE
	EndGlobalSection
	GlobalSection(ExtensibilityGlobals) = postSolution
		SolutionGuid = {9C536F26-5CDE-457E-BA84-C4B6C07D9F27}
	EndGlobalSection
EndGlobal
